// !$*UTF8*$!
{
	archiveVersion = 1;
	classes = {
	};
	objectVersion = 56;
	objects = {

/* Begin PBXBuildFile section */
		4D1B348728FC58FA00BD94B6 /* Highway.swift in Sources */ = {isa = PBXBuildFile; fileRef = 4D1B348628FC58FA00BD94B6 /* Highway.swift */; };
		4D1B348828FC58FA00BD94B6 /* Highway.swift in Sources */ = {isa = PBXBuildFile; fileRef = 4D1B348628FC58FA00BD94B6 /* Highway.swift */; };
		4D1B348928FC58FA00BD94B6 /* Highway.swift in Sources */ = {isa = PBXBuildFile; fileRef = 4D1B348628FC58FA00BD94B6 /* Highway.swift */; };
		4D55959228FC1D5F00D558B1 /* Actions.sks in Resources */ = {isa = PBXBuildFile; fileRef = 4D55955F28FC1D5B00D558B1 /* Actions.sks */; };
		4D55959328FC1D5F00D558B1 /* Actions.sks in Resources */ = {isa = PBXBuildFile; fileRef = 4D55955F28FC1D5B00D558B1 /* Actions.sks */; };
		4D55959428FC1D5F00D558B1 /* Actions.sks in Resources */ = {isa = PBXBuildFile; fileRef = 4D55955F28FC1D5B00D558B1 /* Actions.sks */; };
		4D55959528FC1D5F00D558B1 /* GameScene.sks in Resources */ = {isa = PBXBuildFile; fileRef = 4D55956028FC1D5B00D558B1 /* GameScene.sks */; };
		4D55959628FC1D5F00D558B1 /* GameScene.sks in Resources */ = {isa = PBXBuildFile; fileRef = 4D55956028FC1D5B00D558B1 /* GameScene.sks */; };
		4D55959728FC1D5F00D558B1 /* GameScene.sks in Resources */ = {isa = PBXBuildFile; fileRef = 4D55956028FC1D5B00D558B1 /* GameScene.sks */; };
		4D55959828FC1D5F00D558B1 /* GameScene.swift in Sources */ = {isa = PBXBuildFile; fileRef = 4D55956128FC1D5B00D558B1 /* GameScene.swift */; };
		4D55959928FC1D5F00D558B1 /* GameScene.swift in Sources */ = {isa = PBXBuildFile; fileRef = 4D55956128FC1D5B00D558B1 /* GameScene.swift */; };
		4D55959A28FC1D5F00D558B1 /* GameScene.swift in Sources */ = {isa = PBXBuildFile; fileRef = 4D55956128FC1D5B00D558B1 /* GameScene.swift */; };
		4D55959B28FC1D5F00D558B1 /* Assets.xcassets in Resources */ = {isa = PBXBuildFile; fileRef = 4D55956228FC1D5F00D558B1 /* Assets.xcassets */; };
		4D55959C28FC1D5F00D558B1 /* Assets.xcassets in Resources */ = {isa = PBXBuildFile; fileRef = 4D55956228FC1D5F00D558B1 /* Assets.xcassets */; };
		4D55959D28FC1D5F00D558B1 /* Assets.xcassets in Resources */ = {isa = PBXBuildFile; fileRef = 4D55956228FC1D5F00D558B1 /* Assets.xcassets */; };
		4D5595AA28FC1F5B00D558B1 /* ParticleWarApp.swift in Sources */ = {isa = PBXBuildFile; fileRef = 4D5595A928FC1F5B00D558B1 /* ParticleWarApp.swift */; };
		4D5595AB28FC1F6800D558B1 /* ParticleWarApp.swift in Sources */ = {isa = PBXBuildFile; fileRef = 4D5595A928FC1F5B00D558B1 /* ParticleWarApp.swift */; };
		4D5595AC28FC1F6800D558B1 /* ParticleWarApp.swift in Sources */ = {isa = PBXBuildFile; fileRef = 4D5595A928FC1F5B00D558B1 /* ParticleWarApp.swift */; };
		4D5595B128FC213500D558B1 /* CGPoint.swift in Sources */ = {isa = PBXBuildFile; fileRef = 4D5595AE28FC213400D558B1 /* CGPoint.swift */; };
		4D5595B228FC213500D558B1 /* CGPoint.swift in Sources */ = {isa = PBXBuildFile; fileRef = 4D5595AE28FC213400D558B1 /* CGPoint.swift */; };
		4D5595B328FC213500D558B1 /* CGPoint.swift in Sources */ = {isa = PBXBuildFile; fileRef = 4D5595AE28FC213400D558B1 /* CGPoint.swift */; };
		4D5595B428FC213500D558B1 /* SKNode.swift in Sources */ = {isa = PBXBuildFile; fileRef = 4D5595AF28FC213400D558B1 /* SKNode.swift */; };
		4D5595B528FC213500D558B1 /* SKNode.swift in Sources */ = {isa = PBXBuildFile; fileRef = 4D5595AF28FC213400D558B1 /* SKNode.swift */; };
		4D5595B628FC213500D558B1 /* SKNode.swift in Sources */ = {isa = PBXBuildFile; fileRef = 4D5595AF28FC213400D558B1 /* SKNode.swift */; };
		4D5595B728FC213500D558B1 /* CodingUserInfoKey.swift in Sources */ = {isa = PBXBuildFile; fileRef = 4D5595B028FC213500D558B1 /* CodingUserInfoKey.swift */; };
		4D5595B828FC213500D558B1 /* CodingUserInfoKey.swift in Sources */ = {isa = PBXBuildFile; fileRef = 4D5595B028FC213500D558B1 /* CodingUserInfoKey.swift */; };
		4D5595B928FC213500D558B1 /* CodingUserInfoKey.swift in Sources */ = {isa = PBXBuildFile; fileRef = 4D5595B028FC213500D558B1 /* CodingUserInfoKey.swift */; };
		4D5595C128FC22A300D558B1 /* level.json in Resources */ = {isa = PBXBuildFile; fileRef = 4D5595BF28FC22A300D558B1 /* level.json */; };
		4D5595C228FC22A300D558B1 /* level.json in Resources */ = {isa = PBXBuildFile; fileRef = 4D5595BF28FC22A300D558B1 /* level.json */; };
		4D5595C328FC22A300D558B1 /* level.json in Resources */ = {isa = PBXBuildFile; fileRef = 4D5595BF28FC22A300D558B1 /* level.json */; };
		4D5595C428FC22A300D558B1 /* level2.json in Resources */ = {isa = PBXBuildFile; fileRef = 4D5595C028FC22A300D558B1 /* level2.json */; };
		4D5595C528FC22A300D558B1 /* level2.json in Resources */ = {isa = PBXBuildFile; fileRef = 4D5595C028FC22A300D558B1 /* level2.json */; };
		4D5595C628FC22A300D558B1 /* level2.json in Resources */ = {isa = PBXBuildFile; fileRef = 4D5595C028FC22A300D558B1 /* level2.json */; };
		4D55961328FC243E00D558B1 /* GameScene>Interactions.swift in Sources */ = {isa = PBXBuildFile; fileRef = 4D55961228FC243E00D558B1 /* GameScene>Interactions.swift */; };
		4D55961428FC243E00D558B1 /* GameScene>Interactions.swift in Sources */ = {isa = PBXBuildFile; fileRef = 4D55961228FC243E00D558B1 /* GameScene>Interactions.swift */; };
		4D55961528FC243E00D558B1 /* GameScene>Interactions.swift in Sources */ = {isa = PBXBuildFile; fileRef = 4D55961228FC243E00D558B1 /* GameScene>Interactions.swift */; };
		4D55961728FC29C400D558B1 /* GameScene>LoadLevel.swift in Sources */ = {isa = PBXBuildFile; fileRef = 4D55961628FC29C400D558B1 /* GameScene>LoadLevel.swift */; };
		4D55961828FC29C400D558B1 /* GameScene>LoadLevel.swift in Sources */ = {isa = PBXBuildFile; fileRef = 4D55961628FC29C400D558B1 /* GameScene>LoadLevel.swift */; };
		4D55961928FC29C400D558B1 /* GameScene>LoadLevel.swift in Sources */ = {isa = PBXBuildFile; fileRef = 4D55961628FC29C400D558B1 /* GameScene>LoadLevel.swift */; };
		4D55961A28FC2A1F00D558B1 /* Client.swift in Sources */ = {isa = PBXBuildFile; fileRef = 4D5595D628FC22EE00D558B1 /* Client.swift */; };
		4D55961B28FC2A1F00D558B1 /* Level.swift in Sources */ = {isa = PBXBuildFile; fileRef = 4D5595D928FC22EE00D558B1 /* Level.swift */; };
		4D55961C28FC2A1F00D558B1 /* Army.swift in Sources */ = {isa = PBXBuildFile; fileRef = 4D5595C928FC22ED00D558B1 /* Army.swift */; };
		4D55961D28FC2A1F00D558B1 /* Territory.swift in Sources */ = {isa = PBXBuildFile; fileRef = 4D5595CA28FC22EE00D558B1 /* Territory.swift */; };
		4D55961E28FC2A1F00D558B1 /* Bot.swift in Sources */ = {isa = PBXBuildFile; fileRef = 4D5595C828FC22ED00D558B1 /* Bot.swift */; };
		4D55961F28FC2A1F00D558B1 /* Entity.swift in Sources */ = {isa = PBXBuildFile; fileRef = 4D5595D828FC22EE00D558B1 /* Entity.swift */; };
		4D55962028FC2A1F00D558B1 /* Team.swift in Sources */ = {isa = PBXBuildFile; fileRef = 4D5595C728FC22ED00D558B1 /* Team.swift */; };
		4D55962128FC2A1F00D558B1 /* HomeTerritory.swift in Sources */ = {isa = PBXBuildFile; fileRef = 4D5595D728FC22EE00D558B1 /* HomeTerritory.swift */; };
		4D55962228FC2A1F00D558B1 /* Client.swift in Sources */ = {isa = PBXBuildFile; fileRef = 4D5595D628FC22EE00D558B1 /* Client.swift */; };
		4D55962328FC2A1F00D558B1 /* Level.swift in Sources */ = {isa = PBXBuildFile; fileRef = 4D5595D928FC22EE00D558B1 /* Level.swift */; };
		4D55962428FC2A1F00D558B1 /* Army.swift in Sources */ = {isa = PBXBuildFile; fileRef = 4D5595C928FC22ED00D558B1 /* Army.swift */; };
		4D55962528FC2A1F00D558B1 /* Territory.swift in Sources */ = {isa = PBXBuildFile; fileRef = 4D5595CA28FC22EE00D558B1 /* Territory.swift */; };
		4D55962628FC2A1F00D558B1 /* Bot.swift in Sources */ = {isa = PBXBuildFile; fileRef = 4D5595C828FC22ED00D558B1 /* Bot.swift */; };
		4D55962728FC2A1F00D558B1 /* Entity.swift in Sources */ = {isa = PBXBuildFile; fileRef = 4D5595D828FC22EE00D558B1 /* Entity.swift */; };
		4D55962828FC2A1F00D558B1 /* Team.swift in Sources */ = {isa = PBXBuildFile; fileRef = 4D5595C728FC22ED00D558B1 /* Team.swift */; };
		4D55962928FC2A1F00D558B1 /* HomeTerritory.swift in Sources */ = {isa = PBXBuildFile; fileRef = 4D5595D728FC22EE00D558B1 /* HomeTerritory.swift */; };
		4D55962A28FC2A2000D558B1 /* Client.swift in Sources */ = {isa = PBXBuildFile; fileRef = 4D5595D628FC22EE00D558B1 /* Client.swift */; };
		4D55962B28FC2A2000D558B1 /* Level.swift in Sources */ = {isa = PBXBuildFile; fileRef = 4D5595D928FC22EE00D558B1 /* Level.swift */; };
		4D55962C28FC2A2000D558B1 /* Army.swift in Sources */ = {isa = PBXBuildFile; fileRef = 4D5595C928FC22ED00D558B1 /* Army.swift */; };
		4D55962D28FC2A2000D558B1 /* Territory.swift in Sources */ = {isa = PBXBuildFile; fileRef = 4D5595CA28FC22EE00D558B1 /* Territory.swift */; };
		4D55962E28FC2A2000D558B1 /* Bot.swift in Sources */ = {isa = PBXBuildFile; fileRef = 4D5595C828FC22ED00D558B1 /* Bot.swift */; };
		4D55962F28FC2A2000D558B1 /* Entity.swift in Sources */ = {isa = PBXBuildFile; fileRef = 4D5595D828FC22EE00D558B1 /* Entity.swift */; };
		4D55963028FC2A2000D558B1 /* Team.swift in Sources */ = {isa = PBXBuildFile; fileRef = 4D5595C728FC22ED00D558B1 /* Team.swift */; };
		4D55963128FC2A2000D558B1 /* HomeTerritory.swift in Sources */ = {isa = PBXBuildFile; fileRef = 4D5595D728FC22EE00D558B1 /* HomeTerritory.swift */; };
		4D55963328FC2B4700D558B1 /* GameScene>Game.swift in Sources */ = {isa = PBXBuildFile; fileRef = 4D55963228FC2B4700D558B1 /* GameScene>Game.swift */; };
		4D55963428FC2B4700D558B1 /* GameScene>Game.swift in Sources */ = {isa = PBXBuildFile; fileRef = 4D55963228FC2B4700D558B1 /* GameScene>Game.swift */; };
		4D55963528FC2B4700D558B1 /* GameScene>Game.swift in Sources */ = {isa = PBXBuildFile; fileRef = 4D55963228FC2B4700D558B1 /* GameScene>Game.swift */; };
		4D55963928FC2BB800D558B1 /* NSColor.swift in Sources */ = {isa = PBXBuildFile; fileRef = 4D55963628FC2BB700D558B1 /* NSColor.swift */; };
		4D55963D28FC2C7400D558B1 /* RangeIndicator.swift in Sources */ = {isa = PBXBuildFile; fileRef = 4D55963C28FC2C7400D558B1 /* RangeIndicator.swift */; };
		4D55963E28FC2C7400D558B1 /* RangeIndicator.swift in Sources */ = {isa = PBXBuildFile; fileRef = 4D55963C28FC2C7400D558B1 /* RangeIndicator.swift */; };
		4D55963F28FC2C7400D558B1 /* RangeIndicator.swift in Sources */ = {isa = PBXBuildFile; fileRef = 4D55963C28FC2C7400D558B1 /* RangeIndicator.swift */; };
		4D55964228FC2CFF00D558B1 /* UIColor.swift in Sources */ = {isa = PBXBuildFile; fileRef = 4D55964128FC2CFF00D558B1 /* UIColor.swift */; };
		4D55964728FC2D2900D558B1 /* UIColor.swift in Sources */ = {isa = PBXBuildFile; fileRef = 4D55964628FC2D2900D558B1 /* UIColor.swift */; };
		4D55964928FC2FB900D558B1 /* Game.swift in Sources */ = {isa = PBXBuildFile; fileRef = 4D55964828FC2FB900D558B1 /* Game.swift */; };
		4D55964A28FC303300D558B1 /* Game.swift in Sources */ = {isa = PBXBuildFile; fileRef = 4D55964828FC2FB900D558B1 /* Game.swift */; };
		4D55964B28FC303400D558B1 /* Game.swift in Sources */ = {isa = PBXBuildFile; fileRef = 4D55964828FC2FB900D558B1 /* Game.swift */; };
/* End PBXBuildFile section */

/* Begin PBXFileReference section */
		4D1B348628FC58FA00BD94B6 /* Highway.swift */ = {isa = PBXFileReference; fileEncoding = 4; lastKnownFileType = sourcecode.swift; path = Highway.swift; sourceTree = "<group>"; };
		4D55955F28FC1D5B00D558B1 /* Actions.sks */ = {isa = PBXFileReference; lastKnownFileType = file.sks; path = Actions.sks; sourceTree = "<group>"; };
		4D55956028FC1D5B00D558B1 /* GameScene.sks */ = {isa = PBXFileReference; lastKnownFileType = file.sks; path = GameScene.sks; sourceTree = "<group>"; };
		4D55956128FC1D5B00D558B1 /* GameScene.swift */ = {isa = PBXFileReference; lastKnownFileType = sourcecode.swift; path = GameScene.swift; sourceTree = "<group>"; };
		4D55956228FC1D5F00D558B1 /* Assets.xcassets */ = {isa = PBXFileReference; lastKnownFileType = folder.assetcatalog; path = Assets.xcassets; sourceTree = "<group>"; };
		4D55956728FC1D5F00D558B1 /* ParticleWar.app */ = {isa = PBXFileReference; explicitFileType = wrapper.application; includeInIndex = 0; path = ParticleWar.app; sourceTree = BUILT_PRODUCTS_DIR; };
		4D55957828FC1D5F00D558B1 /* ParticleWar.app */ = {isa = PBXFileReference; explicitFileType = wrapper.application; includeInIndex = 0; path = ParticleWar.app; sourceTree = BUILT_PRODUCTS_DIR; };
		4D55958828FC1D5F00D558B1 /* ParticleWar.app */ = {isa = PBXFileReference; explicitFileType = wrapper.application; includeInIndex = 0; path = ParticleWar.app; sourceTree = BUILT_PRODUCTS_DIR; };
		4D55959128FC1D5F00D558B1 /* macOS.entitlements */ = {isa = PBXFileReference; lastKnownFileType = text.plist.entitlements; path = macOS.entitlements; sourceTree = "<group>"; };
		4D5595A928FC1F5B00D558B1 /* ParticleWarApp.swift */ = {isa = PBXFileReference; lastKnownFileType = sourcecode.swift; path = ParticleWarApp.swift; sourceTree = "<group>"; };
		4D5595AE28FC213400D558B1 /* CGPoint.swift */ = {isa = PBXFileReference; fileEncoding = 4; lastKnownFileType = sourcecode.swift; path = CGPoint.swift; sourceTree = "<group>"; };
		4D5595AF28FC213400D558B1 /* SKNode.swift */ = {isa = PBXFileReference; fileEncoding = 4; lastKnownFileType = sourcecode.swift; path = SKNode.swift; sourceTree = "<group>"; };
		4D5595B028FC213500D558B1 /* CodingUserInfoKey.swift */ = {isa = PBXFileReference; fileEncoding = 4; lastKnownFileType = sourcecode.swift; path = CodingUserInfoKey.swift; sourceTree = "<group>"; };
		4D5595BF28FC22A300D558B1 /* level.json */ = {isa = PBXFileReference; fileEncoding = 4; lastKnownFileType = text.json; path = level.json; sourceTree = "<group>"; };
		4D5595C028FC22A300D558B1 /* level2.json */ = {isa = PBXFileReference; fileEncoding = 4; lastKnownFileType = text.json; path = level2.json; sourceTree = "<group>"; };
		4D5595C728FC22ED00D558B1 /* Team.swift */ = {isa = PBXFileReference; fileEncoding = 4; lastKnownFileType = sourcecode.swift; path = Team.swift; sourceTree = "<group>"; };
		4D5595C828FC22ED00D558B1 /* Bot.swift */ = {isa = PBXFileReference; fileEncoding = 4; lastKnownFileType = sourcecode.swift; path = Bot.swift; sourceTree = "<group>"; };
		4D5595C928FC22ED00D558B1 /* Army.swift */ = {isa = PBXFileReference; fileEncoding = 4; lastKnownFileType = sourcecode.swift; path = Army.swift; sourceTree = "<group>"; };
		4D5595CA28FC22EE00D558B1 /* Territory.swift */ = {isa = PBXFileReference; fileEncoding = 4; lastKnownFileType = sourcecode.swift; path = Territory.swift; sourceTree = "<group>"; };
		4D5595D628FC22EE00D558B1 /* Client.swift */ = {isa = PBXFileReference; fileEncoding = 4; lastKnownFileType = sourcecode.swift; path = Client.swift; sourceTree = "<group>"; };
		4D5595D728FC22EE00D558B1 /* HomeTerritory.swift */ = {isa = PBXFileReference; fileEncoding = 4; lastKnownFileType = sourcecode.swift; path = HomeTerritory.swift; sourceTree = "<group>"; };
		4D5595D828FC22EE00D558B1 /* Entity.swift */ = {isa = PBXFileReference; fileEncoding = 4; lastKnownFileType = sourcecode.swift; path = Entity.swift; sourceTree = "<group>"; };
		4D5595D928FC22EE00D558B1 /* Level.swift */ = {isa = PBXFileReference; fileEncoding = 4; lastKnownFileType = sourcecode.swift; path = Level.swift; sourceTree = "<group>"; };
		4D55961228FC243E00D558B1 /* GameScene>Interactions.swift */ = {isa = PBXFileReference; lastKnownFileType = sourcecode.swift; path = "GameScene>Interactions.swift"; sourceTree = "<group>"; };
		4D55961628FC29C400D558B1 /* GameScene>LoadLevel.swift */ = {isa = PBXFileReference; lastKnownFileType = sourcecode.swift; path = "GameScene>LoadLevel.swift"; sourceTree = "<group>"; };
		4D55963228FC2B4700D558B1 /* GameScene>Game.swift */ = {isa = PBXFileReference; lastKnownFileType = sourcecode.swift; path = "GameScene>Game.swift"; sourceTree = "<group>"; };
		4D55963628FC2BB700D558B1 /* NSColor.swift */ = {isa = PBXFileReference; fileEncoding = 4; lastKnownFileType = sourcecode.swift; path = NSColor.swift; sourceTree = "<group>"; };
		4D55963C28FC2C7400D558B1 /* RangeIndicator.swift */ = {isa = PBXFileReference; fileEncoding = 4; lastKnownFileType = sourcecode.swift; path = RangeIndicator.swift; sourceTree = "<group>"; };
		4D55964128FC2CFF00D558B1 /* UIColor.swift */ = {isa = PBXFileReference; fileEncoding = 4; lastKnownFileType = sourcecode.swift; path = UIColor.swift; sourceTree = "<group>"; };
		4D55964628FC2D2900D558B1 /* UIColor.swift */ = {isa = PBXFileReference; fileEncoding = 4; lastKnownFileType = sourcecode.swift; path = UIColor.swift; sourceTree = "<group>"; };
		4D55964828FC2FB900D558B1 /* Game.swift */ = {isa = PBXFileReference; lastKnownFileType = sourcecode.swift; path = Game.swift; sourceTree = "<group>"; };
/* End PBXFileReference section */

/* Begin PBXFrameworksBuildPhase section */
		4D55956428FC1D5F00D558B1 /* Frameworks */ = {
			isa = PBXFrameworksBuildPhase;
			buildActionMask = 2147483647;
			files = (
			);
			runOnlyForDeploymentPostprocessing = 0;
		};
		4D55957528FC1D5F00D558B1 /* Frameworks */ = {
			isa = PBXFrameworksBuildPhase;
			buildActionMask = 2147483647;
			files = (
			);
			runOnlyForDeploymentPostprocessing = 0;
		};
		4D55958528FC1D5F00D558B1 /* Frameworks */ = {
			isa = PBXFrameworksBuildPhase;
			buildActionMask = 2147483647;
			files = (
			);
			runOnlyForDeploymentPostprocessing = 0;
		};
/* End PBXFrameworksBuildPhase section */

/* Begin PBXGroup section */
		4D55955928FC1D5B00D558B1 = {
			isa = PBXGroup;
			children = (
				4D55955E28FC1D5B00D558B1 /* Shared */,
				4D55956928FC1D5F00D558B1 /* iOS */,
				4D55958928FC1D5F00D558B1 /* macOS */,
				4D55957928FC1D5F00D558B1 /* tvOS */,
				4D55956828FC1D5F00D558B1 /* Products */,
			);
			sourceTree = "<group>";
		};
		4D55955E28FC1D5B00D558B1 /* Shared */ = {
			isa = PBXGroup;
			children = (
				4D5595AD28FC211B00D558B1 /* Extensions */,
				4D5595BD28FC227400D558B1 /* Game */,
				4D5595BE28FC228500D558B1 /* Level */,
				4D55963B28FC2C6900D558B1 /* GUI */,
				4D55964828FC2FB900D558B1 /* Game.swift */,
				4D55956128FC1D5B00D558B1 /* GameScene.swift */,
				4D55963228FC2B4700D558B1 /* GameScene>Game.swift */,
				4D55961628FC29C400D558B1 /* GameScene>LoadLevel.swift */,
				4D55961228FC243E00D558B1 /* GameScene>Interactions.swift */,
				4D5595A928FC1F5B00D558B1 /* ParticleWarApp.swift */,
				4D55955F28FC1D5B00D558B1 /* Actions.sks */,
				4D55956028FC1D5B00D558B1 /* GameScene.sks */,
				4D55956228FC1D5F00D558B1 /* Assets.xcassets */,
			);
			path = Shared;
			sourceTree = "<group>";
		};
		4D55956828FC1D5F00D558B1 /* Products */ = {
			isa = PBXGroup;
			children = (
				4D55956728FC1D5F00D558B1 /* ParticleWar.app */,
				4D55957828FC1D5F00D558B1 /* ParticleWar.app */,
				4D55958828FC1D5F00D558B1 /* ParticleWar.app */,
			);
			name = Products;
			sourceTree = "<group>";
		};
		4D55956928FC1D5F00D558B1 /* iOS */ = {
			isa = PBXGroup;
			children = (
				4D55964028FC2CEC00D558B1 /* Extensions */,
			);
			path = iOS;
			sourceTree = "<group>";
		};
		4D55957928FC1D5F00D558B1 /* tvOS */ = {
			isa = PBXGroup;
			children = (
				4D55964528FC2D1900D558B1 /* Extensions */,
			);
			path = tvOS;
			sourceTree = "<group>";
		};
		4D55958928FC1D5F00D558B1 /* macOS */ = {
			isa = PBXGroup;
			children = (
				4D55963A28FC2BBC00D558B1 /* Extensions */,
				4D55959128FC1D5F00D558B1 /* macOS.entitlements */,
			);
			path = macOS;
			sourceTree = "<group>";
		};
		4D5595AD28FC211B00D558B1 /* Extensions */ = {
			isa = PBXGroup;
			children = (
				4D5595AE28FC213400D558B1 /* CGPoint.swift */,
				4D5595B028FC213500D558B1 /* CodingUserInfoKey.swift */,
				4D5595AF28FC213400D558B1 /* SKNode.swift */,
			);
			path = Extensions;
			sourceTree = "<group>";
		};
		4D5595BD28FC227400D558B1 /* Game */ = {
			isa = PBXGroup;
			children = (
				4D55961028FC230B00D558B1 /* Entities */,
				4D55961128FC232600D558B1 /* Structures */,
				4D5595C828FC22ED00D558B1 /* Bot.swift */,
				4D5595D628FC22EE00D558B1 /* Client.swift */,
				4D1B348628FC58FA00BD94B6 /* Highway.swift */,
				4D5595D928FC22EE00D558B1 /* Level.swift */,
				4D5595C728FC22ED00D558B1 /* Team.swift */,
			);
			path = Game;
			sourceTree = "<group>";
		};
		4D5595BE28FC228500D558B1 /* Level */ = {
			isa = PBXGroup;
			children = (
				4D5595BF28FC22A300D558B1 /* level.json */,
				4D5595C028FC22A300D558B1 /* level2.json */,
			);
			path = Level;
			sourceTree = "<group>";
		};
		4D55961028FC230B00D558B1 /* Entities */ = {
			isa = PBXGroup;
			children = (
				4D5595D828FC22EE00D558B1 /* Entity.swift */,
				4D5595C928FC22ED00D558B1 /* Army.swift */,
			);
			name = Entities;
			sourceTree = "<group>";
		};
		4D55961128FC232600D558B1 /* Structures */ = {
			isa = PBXGroup;
			children = (
				4D5595CA28FC22EE00D558B1 /* Territory.swift */,
				4D5595D728FC22EE00D558B1 /* HomeTerritory.swift */,
			);
			name = Structures;
			sourceTree = "<group>";
		};
		4D55963A28FC2BBC00D558B1 /* Extensions */ = {
			isa = PBXGroup;
			children = (
				4D55963628FC2BB700D558B1 /* NSColor.swift */,
			);
			path = Extensions;
			sourceTree = "<group>";
		};
		4D55963B28FC2C6900D558B1 /* GUI */ = {
			isa = PBXGroup;
			children = (
				4D55963C28FC2C7400D558B1 /* RangeIndicator.swift */,
			);
			path = GUI;
			sourceTree = "<group>";
		};
		4D55964028FC2CEC00D558B1 /* Extensions */ = {
			isa = PBXGroup;
			children = (
				4D55964128FC2CFF00D558B1 /* UIColor.swift */,
			);
			path = Extensions;
			sourceTree = "<group>";
		};
		4D55964528FC2D1900D558B1 /* Extensions */ = {
			isa = PBXGroup;
			children = (
				4D55964628FC2D2900D558B1 /* UIColor.swift */,
			);
			path = Extensions;
			sourceTree = "<group>";
		};
/* End PBXGroup section */

/* Begin PBXNativeTarget section */
		4D55956628FC1D5F00D558B1 /* ParticleWar iOS */ = {
			isa = PBXNativeTarget;
			buildConfigurationList = 4D5595A028FC1D5F00D558B1 /* Build configuration list for PBXNativeTarget "ParticleWar iOS" */;
			buildPhases = (
				4D55956328FC1D5F00D558B1 /* Sources */,
				4D55956428FC1D5F00D558B1 /* Frameworks */,
				4D55956528FC1D5F00D558B1 /* Resources */,
			);
			buildRules = (
			);
			dependencies = (
			);
			name = "ParticleWar iOS";
			productName = "ParticleSurvival iOS";
			productReference = 4D55956728FC1D5F00D558B1 /* ParticleWar.app */;
			productType = "com.apple.product-type.application";
		};
		4D55957728FC1D5F00D558B1 /* ParticleWar tvOS */ = {
			isa = PBXNativeTarget;
			buildConfigurationList = 4D5595A328FC1D5F00D558B1 /* Build configuration list for PBXNativeTarget "ParticleWar tvOS" */;
			buildPhases = (
				4D55957428FC1D5F00D558B1 /* Sources */,
				4D55957528FC1D5F00D558B1 /* Frameworks */,
				4D55957628FC1D5F00D558B1 /* Resources */,
			);
			buildRules = (
			);
			dependencies = (
			);
			name = "ParticleWar tvOS";
			productName = "ParticleSurvival tvOS";
			productReference = 4D55957828FC1D5F00D558B1 /* ParticleWar.app */;
			productType = "com.apple.product-type.application";
		};
		4D55958728FC1D5F00D558B1 /* ParticleWar macOS */ = {
			isa = PBXNativeTarget;
			buildConfigurationList = 4D5595A628FC1D5F00D558B1 /* Build configuration list for PBXNativeTarget "ParticleWar macOS" */;
			buildPhases = (
				4D55958428FC1D5F00D558B1 /* Sources */,
				4D55958528FC1D5F00D558B1 /* Frameworks */,
				4D55958628FC1D5F00D558B1 /* Resources */,
			);
			buildRules = (
			);
			dependencies = (
			);
			name = "ParticleWar macOS";
			productName = "ParticleSurvival macOS";
			productReference = 4D55958828FC1D5F00D558B1 /* ParticleWar.app */;
			productType = "com.apple.product-type.application";
		};
/* End PBXNativeTarget section */

/* Begin PBXProject section */
		4D55955A28FC1D5B00D558B1 /* Project object */ = {
			isa = PBXProject;
			attributes = {
				BuildIndependentTargetsInParallel = 1;
				LastSwiftUpdateCheck = 1400;
				LastUpgradeCheck = 1400;
				TargetAttributes = {
					4D55956628FC1D5F00D558B1 = {
						CreatedOnToolsVersion = 14.0;
					};
					4D55957728FC1D5F00D558B1 = {
						CreatedOnToolsVersion = 14.0;
					};
					4D55958728FC1D5F00D558B1 = {
						CreatedOnToolsVersion = 14.0;
					};
				};
			};
			buildConfigurationList = 4D55955D28FC1D5B00D558B1 /* Build configuration list for PBXProject "ParticleWar" */;
			compatibilityVersion = "Xcode 14.0";
			developmentRegion = en;
			hasScannedForEncodings = 0;
			knownRegions = (
				en,
				Base,
			);
			mainGroup = 4D55955928FC1D5B00D558B1;
			productRefGroup = 4D55956828FC1D5F00D558B1 /* Products */;
			projectDirPath = "";
			projectRoot = "";
			targets = (
				4D55956628FC1D5F00D558B1 /* ParticleWar iOS */,
				4D55957728FC1D5F00D558B1 /* ParticleWar tvOS */,
				4D55958728FC1D5F00D558B1 /* ParticleWar macOS */,
			);
		};
/* End PBXProject section */

/* Begin PBXResourcesBuildPhase section */
		4D55956528FC1D5F00D558B1 /* Resources */ = {
			isa = PBXResourcesBuildPhase;
			buildActionMask = 2147483647;
			files = (
				4D55959528FC1D5F00D558B1 /* GameScene.sks in Resources */,
				4D5595C428FC22A300D558B1 /* level2.json in Resources */,
				4D55959228FC1D5F00D558B1 /* Actions.sks in Resources */,
				4D5595C128FC22A300D558B1 /* level.json in Resources */,
				4D55959B28FC1D5F00D558B1 /* Assets.xcassets in Resources */,
			);
			runOnlyForDeploymentPostprocessing = 0;
		};
		4D55957628FC1D5F00D558B1 /* Resources */ = {
			isa = PBXResourcesBuildPhase;
			buildActionMask = 2147483647;
			files = (
				4D55959628FC1D5F00D558B1 /* GameScene.sks in Resources */,
				4D5595C528FC22A300D558B1 /* level2.json in Resources */,
				4D55959328FC1D5F00D558B1 /* Actions.sks in Resources */,
				4D5595C228FC22A300D558B1 /* level.json in Resources */,
				4D55959C28FC1D5F00D558B1 /* Assets.xcassets in Resources */,
			);
			runOnlyForDeploymentPostprocessing = 0;
		};
		4D55958628FC1D5F00D558B1 /* Resources */ = {
			isa = PBXResourcesBuildPhase;
			buildActionMask = 2147483647;
			files = (
				4D55959728FC1D5F00D558B1 /* GameScene.sks in Resources */,
				4D5595C628FC22A300D558B1 /* level2.json in Resources */,
				4D55959D28FC1D5F00D558B1 /* Assets.xcassets in Resources */,
				4D5595C328FC22A300D558B1 /* level.json in Resources */,
				4D55959428FC1D5F00D558B1 /* Actions.sks in Resources */,
			);
			runOnlyForDeploymentPostprocessing = 0;
		};
/* End PBXResourcesBuildPhase section */

/* Begin PBXSourcesBuildPhase section */
		4D55956328FC1D5F00D558B1 /* Sources */ = {
			isa = PBXSourcesBuildPhase;
			buildActionMask = 2147483647;
			files = (
				4D55959828FC1D5F00D558B1 /* GameScene.swift in Sources */,
				4D55962128FC2A1F00D558B1 /* HomeTerritory.swift in Sources */,
				4D5595B128FC213500D558B1 /* CGPoint.swift in Sources */,
				4D55962028FC2A1F00D558B1 /* Team.swift in Sources */,
				4D55961728FC29C400D558B1 /* GameScene>LoadLevel.swift in Sources */,
				4D55961B28FC2A1F00D558B1 /* Level.swift in Sources */,
				4D55961C28FC2A1F00D558B1 /* Army.swift in Sources */,
				4D55961328FC243E00D558B1 /* GameScene>Interactions.swift in Sources */,
				4D5595AA28FC1F5B00D558B1 /* ParticleWarApp.swift in Sources */,
				4D1B348728FC58FA00BD94B6 /* Highway.swift in Sources */,
				4D5595B728FC213500D558B1 /* CodingUserInfoKey.swift in Sources */,
				4D55961A28FC2A1F00D558B1 /* Client.swift in Sources */,
				4D55961E28FC2A1F00D558B1 /* Bot.swift in Sources */,
				4D55963D28FC2C7400D558B1 /* RangeIndicator.swift in Sources */,
				4D55964228FC2CFF00D558B1 /* UIColor.swift in Sources */,
				4D55964A28FC303300D558B1 /* Game.swift in Sources */,
				4D55961F28FC2A1F00D558B1 /* Entity.swift in Sources */,
				4D55961D28FC2A1F00D558B1 /* Territory.swift in Sources */,
				4D5595B428FC213500D558B1 /* SKNode.swift in Sources */,
				4D55963328FC2B4700D558B1 /* GameScene>Game.swift in Sources */,
			);
			runOnlyForDeploymentPostprocessing = 0;
		};
		4D55957428FC1D5F00D558B1 /* Sources */ = {
			isa = PBXSourcesBuildPhase;
			buildActionMask = 2147483647;
			files = (
				4D55959928FC1D5F00D558B1 /* GameScene.swift in Sources */,
				4D55962928FC2A1F00D558B1 /* HomeTerritory.swift in Sources */,
				4D5595B228FC213500D558B1 /* CGPoint.swift in Sources */,
				4D55962828FC2A1F00D558B1 /* Team.swift in Sources */,
				4D55961828FC29C400D558B1 /* GameScene>LoadLevel.swift in Sources */,
				4D55962328FC2A1F00D558B1 /* Level.swift in Sources */,
				4D55962428FC2A1F00D558B1 /* Army.swift in Sources */,
				4D55961428FC243E00D558B1 /* GameScene>Interactions.swift in Sources */,
				4D5595AB28FC1F6800D558B1 /* ParticleWarApp.swift in Sources */,
				4D1B348828FC58FA00BD94B6 /* Highway.swift in Sources */,
				4D5595B828FC213500D558B1 /* CodingUserInfoKey.swift in Sources */,
				4D55962228FC2A1F00D558B1 /* Client.swift in Sources */,
				4D55962628FC2A1F00D558B1 /* Bot.swift in Sources */,
				4D55963E28FC2C7400D558B1 /* RangeIndicator.swift in Sources */,
				4D55964728FC2D2900D558B1 /* UIColor.swift in Sources */,
				4D55964928FC2FB900D558B1 /* Game.swift in Sources */,
				4D55962728FC2A1F00D558B1 /* Entity.swift in Sources */,
				4D55962528FC2A1F00D558B1 /* Territory.swift in Sources */,
				4D5595B528FC213500D558B1 /* SKNode.swift in Sources */,
				4D55963428FC2B4700D558B1 /* GameScene>Game.swift in Sources */,
			);
			runOnlyForDeploymentPostprocessing = 0;
		};
		4D55958428FC1D5F00D558B1 /* Sources */ = {
			isa = PBXSourcesBuildPhase;
			buildActionMask = 2147483647;
			files = (
				4D55959A28FC1D5F00D558B1 /* GameScene.swift in Sources */,
				4D55963128FC2A2000D558B1 /* HomeTerritory.swift in Sources */,
				4D5595B328FC213500D558B1 /* CGPoint.swift in Sources */,
				4D55963028FC2A2000D558B1 /* Team.swift in Sources */,
				4D55961928FC29C400D558B1 /* GameScene>LoadLevel.swift in Sources */,
				4D55962B28FC2A2000D558B1 /* Level.swift in Sources */,
				4D55962C28FC2A2000D558B1 /* Army.swift in Sources */,
				4D55961528FC243E00D558B1 /* GameScene>Interactions.swift in Sources */,
				4D5595AC28FC1F6800D558B1 /* ParticleWarApp.swift in Sources */,
				4D1B348928FC58FA00BD94B6 /* Highway.swift in Sources */,
				4D5595B928FC213500D558B1 /* CodingUserInfoKey.swift in Sources */,
				4D55962A28FC2A2000D558B1 /* Client.swift in Sources */,
				4D55963928FC2BB800D558B1 /* NSColor.swift in Sources */,
				4D55962E28FC2A2000D558B1 /* Bot.swift in Sources */,
				4D55963F28FC2C7400D558B1 /* RangeIndicator.swift in Sources */,
				4D55964B28FC303400D558B1 /* Game.swift in Sources */,
				4D55962F28FC2A2000D558B1 /* Entity.swift in Sources */,
				4D55962D28FC2A2000D558B1 /* Territory.swift in Sources */,
				4D5595B628FC213500D558B1 /* SKNode.swift in Sources */,
				4D55963528FC2B4700D558B1 /* GameScene>Game.swift in Sources */,
			);
			runOnlyForDeploymentPostprocessing = 0;
		};
/* End PBXSourcesBuildPhase section */

/* Begin XCBuildConfiguration section */
		4D55959E28FC1D5F00D558B1 /* Debug */ = {
			isa = XCBuildConfiguration;
			buildSettings = {
				ALWAYS_SEARCH_USER_PATHS = NO;
				CLANG_ANALYZER_NONNULL = YES;
				CLANG_ANALYZER_NUMBER_OBJECT_CONVERSION = YES_AGGRESSIVE;
				CLANG_CXX_LANGUAGE_STANDARD = "gnu++20";
				CLANG_ENABLE_MODULES = YES;
				CLANG_ENABLE_OBJC_ARC = YES;
				CLANG_ENABLE_OBJC_WEAK = YES;
				CLANG_WARN_BLOCK_CAPTURE_AUTORELEASING = YES;
				CLANG_WARN_BOOL_CONVERSION = YES;
				CLANG_WARN_COMMA = YES;
				CLANG_WARN_CONSTANT_CONVERSION = YES;
				CLANG_WARN_DEPRECATED_OBJC_IMPLEMENTATIONS = YES;
				CLANG_WARN_DIRECT_OBJC_ISA_USAGE = YES_ERROR;
				CLANG_WARN_DOCUMENTATION_COMMENTS = YES;
				CLANG_WARN_EMPTY_BODY = YES;
				CLANG_WARN_ENUM_CONVERSION = YES;
				CLANG_WARN_INFINITE_RECURSION = YES;
				CLANG_WARN_INT_CONVERSION = YES;
				CLANG_WARN_NON_LITERAL_NULL_CONVERSION = YES;
				CLANG_WARN_OBJC_IMPLICIT_RETAIN_SELF = YES;
				CLANG_WARN_OBJC_LITERAL_CONVERSION = YES;
				CLANG_WARN_OBJC_ROOT_CLASS = YES_ERROR;
				CLANG_WARN_QUOTED_INCLUDE_IN_FRAMEWORK_HEADER = YES;
				CLANG_WARN_RANGE_LOOP_ANALYSIS = YES;
				CLANG_WARN_STRICT_PROTOTYPES = YES;
				CLANG_WARN_SUSPICIOUS_MOVE = YES;
				CLANG_WARN_UNGUARDED_AVAILABILITY = YES_AGGRESSIVE;
				CLANG_WARN_UNREACHABLE_CODE = YES;
				CLANG_WARN__DUPLICATE_METHOD_MATCH = YES;
				COPY_PHASE_STRIP = NO;
				DEBUG_INFORMATION_FORMAT = dwarf;
				ENABLE_STRICT_OBJC_MSGSEND = YES;
				ENABLE_TESTABILITY = YES;
				GCC_C_LANGUAGE_STANDARD = gnu11;
				GCC_DYNAMIC_NO_PIC = NO;
				GCC_NO_COMMON_BLOCKS = YES;
				GCC_OPTIMIZATION_LEVEL = 0;
				GCC_PREPROCESSOR_DEFINITIONS = (
					"DEBUG=1",
					"$(inherited)",
				);
				GCC_WARN_64_TO_32_BIT_CONVERSION = YES;
				GCC_WARN_ABOUT_RETURN_TYPE = YES_ERROR;
				GCC_WARN_UNDECLARED_SELECTOR = YES;
				GCC_WARN_UNINITIALIZED_AUTOS = YES_AGGRESSIVE;
				GCC_WARN_UNUSED_FUNCTION = YES;
				GCC_WARN_UNUSED_VARIABLE = YES;
				MTL_ENABLE_DEBUG_INFO = INCLUDE_SOURCE;
				MTL_FAST_MATH = YES;
				ONLY_ACTIVE_ARCH = YES;
				SWIFT_ACTIVE_COMPILATION_CONDITIONS = DEBUG;
				SWIFT_OPTIMIZATION_LEVEL = "-Onone";
			};
			name = Debug;
		};
		4D55959F28FC1D5F00D558B1 /* Release */ = {
			isa = XCBuildConfiguration;
			buildSettings = {
				ALWAYS_SEARCH_USER_PATHS = NO;
				CLANG_ANALYZER_NONNULL = YES;
				CLANG_ANALYZER_NUMBER_OBJECT_CONVERSION = YES_AGGRESSIVE;
				CLANG_CXX_LANGUAGE_STANDARD = "gnu++20";
				CLANG_ENABLE_MODULES = YES;
				CLANG_ENABLE_OBJC_ARC = YES;
				CLANG_ENABLE_OBJC_WEAK = YES;
				CLANG_WARN_BLOCK_CAPTURE_AUTORELEASING = YES;
				CLANG_WARN_BOOL_CONVERSION = YES;
				CLANG_WARN_COMMA = YES;
				CLANG_WARN_CONSTANT_CONVERSION = YES;
				CLANG_WARN_DEPRECATED_OBJC_IMPLEMENTATIONS = YES;
				CLANG_WARN_DIRECT_OBJC_ISA_USAGE = YES_ERROR;
				CLANG_WARN_DOCUMENTATION_COMMENTS = YES;
				CLANG_WARN_EMPTY_BODY = YES;
				CLANG_WARN_ENUM_CONVERSION = YES;
				CLANG_WARN_INFINITE_RECURSION = YES;
				CLANG_WARN_INT_CONVERSION = YES;
				CLANG_WARN_NON_LITERAL_NULL_CONVERSION = YES;
				CLANG_WARN_OBJC_IMPLICIT_RETAIN_SELF = YES;
				CLANG_WARN_OBJC_LITERAL_CONVERSION = YES;
				CLANG_WARN_OBJC_ROOT_CLASS = YES_ERROR;
				CLANG_WARN_QUOTED_INCLUDE_IN_FRAMEWORK_HEADER = YES;
				CLANG_WARN_RANGE_LOOP_ANALYSIS = YES;
				CLANG_WARN_STRICT_PROTOTYPES = YES;
				CLANG_WARN_SUSPICIOUS_MOVE = YES;
				CLANG_WARN_UNGUARDED_AVAILABILITY = YES_AGGRESSIVE;
				CLANG_WARN_UNREACHABLE_CODE = YES;
				CLANG_WARN__DUPLICATE_METHOD_MATCH = YES;
				COPY_PHASE_STRIP = NO;
				DEBUG_INFORMATION_FORMAT = "dwarf-with-dsym";
				ENABLE_NS_ASSERTIONS = NO;
				ENABLE_STRICT_OBJC_MSGSEND = YES;
				GCC_C_LANGUAGE_STANDARD = gnu11;
				GCC_NO_COMMON_BLOCKS = YES;
				GCC_WARN_64_TO_32_BIT_CONVERSION = YES;
				GCC_WARN_ABOUT_RETURN_TYPE = YES_ERROR;
				GCC_WARN_UNDECLARED_SELECTOR = YES;
				GCC_WARN_UNINITIALIZED_AUTOS = YES_AGGRESSIVE;
				GCC_WARN_UNUSED_FUNCTION = YES;
				GCC_WARN_UNUSED_VARIABLE = YES;
				MTL_ENABLE_DEBUG_INFO = NO;
				MTL_FAST_MATH = YES;
				SWIFT_COMPILATION_MODE = wholemodule;
				SWIFT_OPTIMIZATION_LEVEL = "-O";
			};
			name = Release;
		};
		4D5595A128FC1D5F00D558B1 /* Debug */ = {
			isa = XCBuildConfiguration;
			buildSettings = {
				ASSETCATALOG_COMPILER_APPICON_NAME = AppIcon;
				ASSETCATALOG_COMPILER_GLOBAL_ACCENT_COLOR_NAME = AccentColor;
				CODE_SIGN_STYLE = Automatic;
				CURRENT_PROJECT_VERSION = 1;
				DEVELOPMENT_TEAM = M4VYPGVP3V;
				GENERATE_INFOPLIST_FILE = YES;
				INFOPLIST_KEY_LSApplicationCategoryType = "public.app-category.adventure-games";
				INFOPLIST_KEY_UIApplicationSupportsIndirectInputEvents = YES;
				INFOPLIST_KEY_UILaunchStoryboardName = LaunchScreen;
				INFOPLIST_KEY_UIMainStoryboardFile = Main;
				INFOPLIST_KEY_UIStatusBarHidden = YES;
				INFOPLIST_KEY_UISupportedInterfaceOrientations_iPad = "UIInterfaceOrientationPortrait UIInterfaceOrientationPortraitUpsideDown UIInterfaceOrientationLandscapeLeft UIInterfaceOrientationLandscapeRight";
				INFOPLIST_KEY_UISupportedInterfaceOrientations_iPhone = "UIInterfaceOrientationPortrait UIInterfaceOrientationLandscapeLeft UIInterfaceOrientationLandscapeRight";
				IPHONEOS_DEPLOYMENT_TARGET = 16.0;
				LD_RUNPATH_SEARCH_PATHS = (
					"$(inherited)",
					"@executable_path/Frameworks",
				);
				MARKETING_VERSION = 1.0;
				PRODUCT_BUNDLE_IDENTIFIER = nl.lawrencebensaid.ParticleWar;
				PRODUCT_NAME = ParticleWar;
				SDKROOT = iphoneos;
				SWIFT_EMIT_LOC_STRINGS = YES;
				SWIFT_VERSION = 5.0;
				TARGETED_DEVICE_FAMILY = "1,2";
			};
			name = Debug;
		};
		4D5595A228FC1D5F00D558B1 /* Release */ = {
			isa = XCBuildConfiguration;
			buildSettings = {
				ASSETCATALOG_COMPILER_APPICON_NAME = AppIcon;
				ASSETCATALOG_COMPILER_GLOBAL_ACCENT_COLOR_NAME = AccentColor;
				CODE_SIGN_STYLE = Automatic;
				CURRENT_PROJECT_VERSION = 1;
				DEVELOPMENT_TEAM = M4VYPGVP3V;
				GENERATE_INFOPLIST_FILE = YES;
				INFOPLIST_KEY_LSApplicationCategoryType = "public.app-category.adventure-games";
				INFOPLIST_KEY_UIApplicationSupportsIndirectInputEvents = YES;
				INFOPLIST_KEY_UILaunchStoryboardName = LaunchScreen;
				INFOPLIST_KEY_UIMainStoryboardFile = Main;
				INFOPLIST_KEY_UIStatusBarHidden = YES;
				INFOPLIST_KEY_UISupportedInterfaceOrientations_iPad = "UIInterfaceOrientationPortrait UIInterfaceOrientationPortraitUpsideDown UIInterfaceOrientationLandscapeLeft UIInterfaceOrientationLandscapeRight";
				INFOPLIST_KEY_UISupportedInterfaceOrientations_iPhone = "UIInterfaceOrientationPortrait UIInterfaceOrientationLandscapeLeft UIInterfaceOrientationLandscapeRight";
				IPHONEOS_DEPLOYMENT_TARGET = 16.0;
				LD_RUNPATH_SEARCH_PATHS = (
					"$(inherited)",
					"@executable_path/Frameworks",
				);
				MARKETING_VERSION = 1.0;
				PRODUCT_BUNDLE_IDENTIFIER = nl.lawrencebensaid.ParticleWar;
				PRODUCT_NAME = ParticleWar;
				SDKROOT = iphoneos;
				SWIFT_EMIT_LOC_STRINGS = YES;
				SWIFT_VERSION = 5.0;
				TARGETED_DEVICE_FAMILY = "1,2";
				VALIDATE_PRODUCT = YES;
			};
			name = Release;
		};
		4D5595A428FC1D5F00D558B1 /* Debug */ = {
			isa = XCBuildConfiguration;
			buildSettings = {
				ASSETCATALOG_COMPILER_APPICON_NAME = "tvOS App Icon & Top Shelf Image";
				ASSETCATALOG_COMPILER_GLOBAL_ACCENT_COLOR_NAME = AccentColor;
				CODE_SIGN_STYLE = Automatic;
				CURRENT_PROJECT_VERSION = 1;
				DEVELOPMENT_TEAM = M4VYPGVP3V;
				GENERATE_INFOPLIST_FILE = YES;
				INFOPLIST_KEY_UILaunchStoryboardName = LaunchScreen;
				INFOPLIST_KEY_UIMainStoryboardFile = Main;
				INFOPLIST_KEY_UIUserInterfaceStyle = Automatic;
				LD_RUNPATH_SEARCH_PATHS = (
					"$(inherited)",
					"@executable_path/Frameworks",
				);
				MARKETING_VERSION = 1.0;
				PRODUCT_BUNDLE_IDENTIFIER = nl.lawrencebensaid.ParticleWar;
				PRODUCT_NAME = ParticleWar;
				SDKROOT = appletvos;
				SWIFT_EMIT_LOC_STRINGS = YES;
				SWIFT_VERSION = 5.0;
				TARGETED_DEVICE_FAMILY = 3;
				TVOS_DEPLOYMENT_TARGET = 16.0;
			};
			name = Debug;
		};
		4D5595A528FC1D5F00D558B1 /* Release */ = {
			isa = XCBuildConfiguration;
			buildSettings = {
				ASSETCATALOG_COMPILER_APPICON_NAME = "tvOS App Icon & Top Shelf Image";
				ASSETCATALOG_COMPILER_GLOBAL_ACCENT_COLOR_NAME = AccentColor;
				CODE_SIGN_STYLE = Automatic;
				CURRENT_PROJECT_VERSION = 1;
				DEVELOPMENT_TEAM = M4VYPGVP3V;
				GENERATE_INFOPLIST_FILE = YES;
				INFOPLIST_KEY_UILaunchStoryboardName = LaunchScreen;
				INFOPLIST_KEY_UIMainStoryboardFile = Main;
				INFOPLIST_KEY_UIUserInterfaceStyle = Automatic;
				LD_RUNPATH_SEARCH_PATHS = (
					"$(inherited)",
					"@executable_path/Frameworks",
				);
				MARKETING_VERSION = 1.0;
				PRODUCT_BUNDLE_IDENTIFIER = nl.lawrencebensaid.ParticleWar;
				PRODUCT_NAME = ParticleWar;
				SDKROOT = appletvos;
				SWIFT_EMIT_LOC_STRINGS = YES;
				SWIFT_VERSION = 5.0;
				TARGETED_DEVICE_FAMILY = 3;
				TVOS_DEPLOYMENT_TARGET = 16.0;
				VALIDATE_PRODUCT = YES;
			};
			name = Release;
		};
		4D5595A728FC1D5F00D558B1 /* Debug */ = {
			isa = XCBuildConfiguration;
			buildSettings = {
				ASSETCATALOG_COMPILER_APPICON_NAME = AppIcon;
				ASSETCATALOG_COMPILER_GLOBAL_ACCENT_COLOR_NAME = AccentColor;
				CODE_SIGN_ENTITLEMENTS = macOS/macOS.entitlements;
				CODE_SIGN_STYLE = Automatic;
				COMBINE_HIDPI_IMAGES = YES;
				CURRENT_PROJECT_VERSION = 1;
				DEVELOPMENT_TEAM = M4VYPGVP3V;
				ENABLE_HARDENED_RUNTIME = YES;
				GENERATE_INFOPLIST_FILE = YES;
				INFOPLIST_KEY_NSHumanReadableCopyright = "";
				INFOPLIST_KEY_NSMainStoryboardFile = Main;
				INFOPLIST_KEY_NSPrincipalClass = NSApplication;
				LD_RUNPATH_SEARCH_PATHS = (
					"$(inherited)",
					"@executable_path/../Frameworks",
				);
				MACOSX_DEPLOYMENT_TARGET = 12.3;
				MARKETING_VERSION = 1.0;
				PRODUCT_BUNDLE_IDENTIFIER = nl.lawrencebensaid.ParticleWar;
				PRODUCT_NAME = ParticleWar;
				SDKROOT = macosx;
				SWIFT_EMIT_LOC_STRINGS = YES;
				SWIFT_VERSION = 5.0;
			};
			name = Debug;
		};
		4D5595A828FC1D5F00D558B1 /* Release */ = {
			isa = XCBuildConfiguration;
			buildSettings = {
				ASSETCATALOG_COMPILER_APPICON_NAME = AppIcon;
				ASSETCATALOG_COMPILER_GLOBAL_ACCENT_COLOR_NAME = AccentColor;
				CODE_SIGN_ENTITLEMENTS = macOS/macOS.entitlements;
				CODE_SIGN_STYLE = Automatic;
				COMBINE_HIDPI_IMAGES = YES;
				CURRENT_PROJECT_VERSION = 1;
				DEVELOPMENT_TEAM = M4VYPGVP3V;
				ENABLE_HARDENED_RUNTIME = YES;
				GENERATE_INFOPLIST_FILE = YES;
				INFOPLIST_KEY_NSHumanReadableCopyright = "";
				INFOPLIST_KEY_NSMainStoryboardFile = Main;
				INFOPLIST_KEY_NSPrincipalClass = NSApplication;
				LD_RUNPATH_SEARCH_PATHS = (
					"$(inherited)",
					"@executable_path/../Frameworks",
				);
				MACOSX_DEPLOYMENT_TARGET = 12.3;
				MARKETING_VERSION = 1.0;
				PRODUCT_BUNDLE_IDENTIFIER = nl.lawrencebensaid.ParticleWar;
				PRODUCT_NAME = ParticleWar;
				SDKROOT = macosx;
				SWIFT_EMIT_LOC_STRINGS = YES;
				SWIFT_VERSION = 5.0;
			};
			name = Release;
		};
/* End XCBuildConfiguration section */

/* Begin XCConfigurationList section */
		4D55955D28FC1D5B00D558B1 /* Build configuration list for PBXProject "ParticleWar" */ = {
			isa = XCConfigurationList;
			buildConfigurations = (
				4D55959E28FC1D5F00D558B1 /* Debug */,
				4D55959F28FC1D5F00D558B1 /* Release */,
			);
			defaultConfigurationIsVisible = 0;
			defaultConfigurationName = Release;
		};
		4D5595A028FC1D5F00D558B1 /* Build configuration list for PBXNativeTarget "ParticleWar iOS" */ = {
			isa = XCConfigurationList;
			buildConfigurations = (
				4D5595A128FC1D5F00D558B1 /* Debug */,
				4D5595A228FC1D5F00D558B1 /* Release */,
			);
			defaultConfigurationIsVisible = 0;
			defaultConfigurationName = Release;
		};
		4D5595A328FC1D5F00D558B1 /* Build configuration list for PBXNativeTarget "ParticleWar tvOS" */ = {
			isa = XCConfigurationList;
			buildConfigurations = (
				4D5595A428FC1D5F00D558B1 /* Debug */,
				4D5595A528FC1D5F00D558B1 /* Release */,
			);
			defaultConfigurationIsVisible = 0;
			defaultConfigurationName = Release;
		};
		4D5595A628FC1D5F00D558B1 /* Build configuration list for PBXNativeTarget "ParticleWar macOS" */ = {
			isa = XCConfigurationList;
			buildConfigurations = (
				4D5595A728FC1D5F00D558B1 /* Debug */,
				4D5595A828FC1D5F00D558B1 /* Release */,
			);
			defaultConfigurationIsVisible = 0;
			defaultConfigurationName = Release;
		};
/* End XCConfigurationList section */
	};
	rootObject = 4D55955A28FC1D5B00D558B1 /* Project object */;
}
